<Solution>
  <Project Path="CustomerManagementSystem.BusinessLogic/CustomerManagementSystem.BusinessLogic.csproj" />
  <Project Path="CustomerManagementSystem.DataAccess/CustomerManagementSystem.DataAccess.csproj" />
  <Project Path="CustomerManagementSystem.Domain/CustomerManagementSystem.Domain.csproj" />
  <Project Path="CustomerManagementSystem.Tests/CustomerManagementSystem.Tests.csproj" />
  <Project Path="CustomerManagementSystem.WebAPI/CustomerManagementSystem.WebAPI.csproj" />
</Solution>
